
Microsoft Visual Studio Solution File, Format Version 12.00
# Visual Studio Version 17
VisualStudioVersion = 17.7.34031.279
MinimumVisualStudioVersion = 10.0.40219.1
Project("{FAE04EC0-301F-11D3-BF4B-00C04F79EFBC}") = "Task-manager-WinApi-Console", "Task-manager-WinApi-Console\Task-manager-WinApi-Console.csproj", "{B8A03FFC-44B6-4183-9D60-68B284DDCABF}"
EndProject
Global
	GlobalSection(SolutionConfigurationPlatforms) = preSolution
		Debug|Any CPU = Debug|Any CPU
		Release|Any CPU = Release|Any CPU
	EndGlobalSection
	GlobalSection(ProjectConfigurationPlatforms) = postSolution
		{B8A03FFC-44B6-4183-9D60-68B284DDCABF}.Debug|Any CPU.ActiveCfg = Debug|Any CPU
		{B8A03FFC-44B6-4183-9D60-68B284DDCABF}.Debug|Any CPU.Build.0 = Debug|Any CPU
		{B8A03FFC-44B6-4183-9D60-68B284DDCABF}.Release|Any CPU.ActiveCfg = Release|Any CPU
		{B8A03FFC-44B6-4183-9D60-68B284DDCABF}.Release|Any CPU.Build.0 = Release|Any CPU
	EndGlobalSection
	GlobalSection(SolutionProperties) = preSolution
		HideSolutionNode = FALSE
	EndGlobalSection
	GlobalSection(ExtensibilityGlobals) = postSolution
		SolutionGuid = {C616757E-F2EB-4EAB-A8F0-858628D0037F}
	EndGlobalSection
EndGlobal
